
Microsoft Visual Studio Solution File, Format Version 12.00
# Visual Studio 14
VisualStudioVersion = 14.0.25420.1
MinimumVisualStudioVersion = 10.0.40219.1
Project("{FAE04EC0-301F-11D3-BF4B-00C04F79EFBC}") = "HospitalInformationManagementSystem", "HospitalInformationManagementSystem\HospitalInformationManagementSystem.csproj", "{830C29F0-51CE-42BF-875C-92F9CB093ED6}"
EndProject
Project("{FAE04EC0-301F-11D3-BF4B-00C04F79EFBC}") = "HimsWebApi", "HimsWebApi\HimsWebApi.csproj", "{BCEF694E-0F62-4A53-A0AF-400AB6B7B3CD}"
EndProject
Global
	GlobalSection(SolutionConfigurationPlatforms) = preSolution
		Debug|Any CPU = Debug|Any CPU
		Release|Any CPU = Release|Any CPU
	EndGlobalSection
	GlobalSection(ProjectConfigurationPlatforms) = postSolution
		{830C29F0-51CE-42BF-875C-92F9CB093ED6}.Debug|Any CPU.ActiveCfg = Debug|Any CPU
		{830C29F0-51CE-42BF-875C-92F9CB093ED6}.Debug|Any CPU.Build.0 = Debug|Any CPU
		{830C29F0-51CE-42BF-875C-92F9CB093ED6}.Release|Any CPU.ActiveCfg = Release|Any CPU
		{830C29F0-51CE-42BF-875C-92F9CB093ED6}.Release|Any CPU.Build.0 = Release|Any CPU
		{BCEF694E-0F62-4A53-A0AF-400AB6B7B3CD}.Debug|Any CPU.ActiveCfg = Debug|Any CPU
		{BCEF694E-0F62-4A53-A0AF-400AB6B7B3CD}.Debug|Any CPU.Build.0 = Debug|Any CPU
		{BCEF694E-0F62-4A53-A0AF-400AB6B7B3CD}.Release|Any CPU.ActiveCfg = Release|Any CPU
		{BCEF694E-0F62-4A53-A0AF-400AB6B7B3CD}.Release|Any CPU.Build.0 = Release|Any CPU
	EndGlobalSection
	GlobalSection(SolutionProperties) = preSolution
		HideSolutionNode = FALSE
	EndGlobalSection
EndGlobal
